// !$*UTF8*$!
{
	archiveVersion = 1;
	classes = {
	};
	objectVersion = 46;
	objects = {

/* Begin PBXBuildFile section */
		841E19981763121600733EC1 /* UIKit.framework in Frameworks */ = {isa = PBXBuildFile; fileRef = 841E19971763121600733EC1 /* UIKit.framework */; };
		841E199A1763121600733EC1 /* Foundation.framework in Frameworks */ = {isa = PBXBuildFile; fileRef = 841E19991763121600733EC1 /* Foundation.framework */; };
		841E199C1763121600733EC1 /* CoreGraphics.framework in Frameworks */ = {isa = PBXBuildFile; fileRef = 841E199B1763121600733EC1 /* CoreGraphics.framework */; };
		841E19A21763121600733EC1 /* InfoPlist.strings in Resources */ = {isa = PBXBuildFile; fileRef = 841E19A01763121600733EC1 /* InfoPlist.strings */; };
		841E19A41763121600733EC1 /* main.m in Sources */ = {isa = PBXBuildFile; fileRef = 841E19A31763121600733EC1 /* main.m */; };
		841E19A81763121600733EC1 /* ZAVAppDelegate.m in Sources */ = {isa = PBXBuildFile; fileRef = 841E19A71763121600733EC1 /* ZAVAppDelegate.m */; };
		841E19AA1763121600733EC1 /* Default.png in Resources */ = {isa = PBXBuildFile; fileRef = 841E19A91763121600733EC1 /* Default.png */; };
		841E19AC1763121600733EC1 /* Default@2x.png in Resources */ = {isa = PBXBuildFile; fileRef = 841E19AB1763121600733EC1 /* Default@2x.png */; };
		841E19AE1763121600733EC1 /* Default-568h@2x.png in Resources */ = {isa = PBXBuildFile; fileRef = 841E19AD1763121600733EC1 /* Default-568h@2x.png */; };
		841E19B61763127D00733EC1 /* LoginVC.m in Sources */ = {isa = PBXBuildFile; fileRef = 841E19B51763127D00733EC1 /* LoginVC.m */; };
/* End PBXBuildFile section */

/* Begin PBXFileReference section */
		841E19941763121600733EC1 /* Insta.app */ = {isa = PBXFileReference; explicitFileType = wrapper.application; includeInIndex = 0; path = Insta.app; sourceTree = BUILT_PRODUCTS_DIR; };
		841E19971763121600733EC1 /* UIKit.framework */ = {isa = PBXFileReference; lastKnownFileType = wrapper.framework; name = UIKit.framework; path = System/Library/Frameworks/UIKit.framework; sourceTree = SDKROOT; };
		841E19991763121600733EC1 /* Foundation.framework */ = {isa = PBXFileReference; lastKnownFileType = wrapper.framework; name = Foundation.framework; path = System/Library/Frameworks/Foundation.framework; sourceTree = SDKROOT; };
		841E199B1763121600733EC1 /* CoreGraphics.framework */ = {isa = PBXFileReference; lastKnownFileType = wrapper.framework; name = CoreGraphics.framework; path = System/Library/Frameworks/CoreGraphics.framework; sourceTree = SDKROOT; };
		841E199F1763121600733EC1 /* Insta-Info.plist */ = {isa = PBXFileReference; lastKnownFileType = text.plist.xml; path = "Insta-Info.plist"; sourceTree = "<group>"; };
		841E19A11763121600733EC1 /* en */ = {isa = PBXFileReference; lastKnownFileType = text.plist.strings; name = en; path = en.lproj/InfoPlist.strings; sourceTree = "<group>"; };
		841E19A31763121600733EC1 /* main.m */ = {isa = PBXFileReference; lastKnownFileType = sourcecode.c.objc; path = main.m; sourceTree = "<group>"; };
		841E19A51763121600733EC1 /* Insta-Prefix.pch */ = {isa = PBXFileReference; lastKnownFileType = sourcecode.c.h; path = "Insta-Prefix.pch"; sourceTree = "<group>"; };
		841E19A61763121600733EC1 /* ZAVAppDelegate.h */ = {isa = PBXFileReference; lastKnownFileType = sourcecode.c.h; path = ZAVAppDelegate.h; sourceTree = "<group>"; };
		841E19A71763121600733EC1 /* ZAVAppDelegate.m */ = {isa = PBXFileReference; lastKnownFileType = sourcecode.c.objc; path = ZAVAppDelegate.m; sourceTree = "<group>"; };
		841E19A91763121600733EC1 /* Default.png */ = {isa = PBXFileReference; lastKnownFileType = image.png; path = Default.png; sourceTree = "<group>"; };
		841E19AB1763121600733EC1 /* Default@2x.png */ = {isa = PBXFileReference; lastKnownFileType = image.png; path = "Default@2x.png"; sourceTree = "<group>"; };
		841E19AD1763121600733EC1 /* Default-568h@2x.png */ = {isa = PBXFileReference; lastKnownFileType = image.png; path = "Default-568h@2x.png"; sourceTree = "<group>"; };
		841E19B41763127D00733EC1 /* LoginVC.h */ = {isa = PBXFileReference; fileEncoding = 4; lastKnownFileType = sourcecode.c.h; path = LoginVC.h; sourceTree = "<group>"; };
		841E19B51763127D00733EC1 /* LoginVC.m */ = {isa = PBXFileReference; fileEncoding = 4; lastKnownFileType = sourcecode.c.objc; path = LoginVC.m; sourceTree = "<group>"; };
/* End PBXFileReference section */

/* Begin PBXFrameworksBuildPhase section */
		841E19911763121600733EC1 /* Frameworks */ = {
			isa = PBXFrameworksBuildPhase;
			buildActionMask = 2147483647;
			files = (
				841E19981763121600733EC1 /* UIKit.framework in Frameworks */,
				841E199A1763121600733EC1 /* Foundation.framework in Frameworks */,
				841E199C1763121600733EC1 /* CoreGraphics.framework in Frameworks */,
			);
			runOnlyForDeploymentPostprocessing = 0;
		};
/* End PBXFrameworksBuildPhase section */

/* Begin PBXGroup section */
		841E198B1763121600733EC1 = {
			isa = PBXGroup;
			children = (
				841E19B41763127D00733EC1 /* LoginVC.h */,
				841E19B51763127D00733EC1 /* LoginVC.m */,
				841E199D1763121600733EC1 /* Insta */,
				841E19961763121600733EC1 /* Frameworks */,
				841E19951763121600733EC1 /* Products */,
			);
			sourceTree = "<group>";
		};
		841E19951763121600733EC1 /* Products */ = {
			isa = PBXGroup;
			children = (
				841E19941763121600733EC1 /* Insta.app */,
			);
			name = Products;
			sourceTree = "<group>";
		};
		841E19961763121600733EC1 /* Frameworks */ = {
			isa = PBXGroup;
			children = (
				841E19971763121600733EC1 /* UIKit.framework */,
				841E19991763121600733EC1 /* Foundation.framework */,
				841E199B1763121600733EC1 /* CoreGraphics.framework */,
			);
			name = Frameworks;
			sourceTree = "<group>";
		};
		841E199D1763121600733EC1 /* Insta */ = {
			isa = PBXGroup;
			children = (
				841E19A61763121600733EC1 /* ZAVAppDelegate.h */,
				841E19A71763121600733EC1 /* ZAVAppDelegate.m */,
				841E199E1763121600733EC1 /* Supporting Files */,
			);
			path = Insta;
			sourceTree = "<group>";
		};
		841E199E1763121600733EC1 /* Supporting Files */ = {
			isa = PBXGroup;
			children = (
				841E199F1763121600733EC1 /* Insta-Info.plist */,
				841E19A01763121600733EC1 /* InfoPlist.strings */,
				841E19A31763121600733EC1 /* main.m */,
				841E19A51763121600733EC1 /* Insta-Prefix.pch */,
				841E19A91763121600733EC1 /* Default.png */,
				841E19AB1763121600733EC1 /* Default@2x.png */,
				841E19AD1763121600733EC1 /* Default-568h@2x.png */,
			);
			name = "Supporting Files";
			sourceTree = "<group>";
		};
/* End PBXGroup section */

/* Begin PBXNativeTarget section */
		841E19931763121600733EC1 /* Insta */ = {
			isa = PBXNativeTarget;
			buildConfigurationList = 841E19B11763121600733EC1 /* Build configuration list for PBXNativeTarget "Insta" */;
			buildPhases = (
				841E19901763121600733EC1 /* Sources */,
				841E19911763121600733EC1 /* Frameworks */,
				841E19921763121600733EC1 /* Resources */,
			);
			buildRules = (
			);
			dependencies = (
			);
			name = Insta;
			productName = Insta;
			productReference = 841E19941763121600733EC1 /* Insta.app */;
			productType = "com.apple.product-type.application";
		};
/* End PBXNativeTarget section */

/* Begin PBXProject section */
		841E198C1763121600733EC1 /* Project object */ = {
			isa = PBXProject;
			attributes = {
				CLASSPREFIX = ZAV;
				LastUpgradeCheck = 0460;
				ORGANIZATIONNAME = zav333;
			};
			buildConfigurationList = 841E198F1763121600733EC1 /* Build configuration list for PBXProject "Insta" */;
			compatibilityVersion = "Xcode 3.2";
			developmentRegion = English;
			hasScannedForEncodings = 0;
			knownRegions = (
				en,
			);
			mainGroup = 841E198B1763121600733EC1;
			productRefGroup = 841E19951763121600733EC1 /* Products */;
			projectDirPath = "";
			projectRoot = "";
			targets = (
				841E19931763121600733EC1 /* Insta */,
			);
		};
/* End PBXProject section */

/* Begin PBXResourcesBuildPhase section */
		841E19921763121600733EC1 /* Resources */ = {
			isa = PBXResourcesBuildPhase;
			buildActionMask = 2147483647;
			files = (
				841E19A21763121600733EC1 /* InfoPlist.strings in Resources */,
				841E19AA1763121600733EC1 /* Default.png in Resources */,
				841E19AC1763121600733EC1 /* Default@2x.png in Resources */,
				841E19AE1763121600733EC1 /* Default-568h@2x.png in Resources */,
			);
			runOnlyForDeploymentPostprocessing = 0;
		};
/* End PBXResourcesBuildPhase section */

/* Begin PBXSourcesBuildPhase section */
		841E19901763121600733EC1 /* Sources */ = {
			isa = PBXSourcesBuildPhase;
			buildActionMask = 2147483647;
			files = (
				841E19A41763121600733EC1 /* main.m in Sources */,
				841E19A81763121600733EC1 /* ZAVAppDelegate.m in Sources */,
				841E19B61763127D00733EC1 /* LoginVC.m in Sources */,
			);
			runOnlyForDeploymentPostprocessing = 0;
		};
/* End PBXSourcesBuildPhase section */

/* Begin PBXVariantGroup section */
		841E19A01763121600733EC1 /* InfoPlist.strings */ = {
			isa = PBXVariantGroup;
			children = (
				841E19A11763121600733EC1 /* en */,
			);
			name = InfoPlist.strings;
			sourceTree = "<group>";
		};
/* End PBXVariantGroup section */

/* Begin XCBuildConfiguration section */
		841E19AF1763121600733EC1 /* Debug */ = {
			isa = XCBuildConfiguration;
			buildSettings = {
				ALWAYS_SEARCH_USER_PATHS = NO;
				CLANG_CXX_LANGUAGE_STANDARD = "gnu++0x";
				CLANG_CXX_LIBRARY = "libc++";
				CLANG_ENABLE_OBJC_ARC = YES;
				CLANG_WARN_CONSTANT_CONVERSION = YES;
				CLANG_WARN_EMPTY_BODY = YES;
				CLANG_WARN_ENUM_CONVERSION = YES;
				CLANG_WARN_INT_CONVERSION = YES;
				CLANG_WARN__DUPLICATE_METHOD_MATCH = YES;
				"CODE_SIGN_IDENTITY[sdk=iphoneos*]" = "iPhone Developer";
				COPY_PHASE_STRIP = NO;
				GCC_C_LANGUAGE_STANDARD = gnu99;
				GCC_DYNAMIC_NO_PIC = NO;
				GCC_OPTIMIZATION_LEVEL = 0;
				GCC_PREPROCESSOR_DEFINITIONS = (
					"DEBUG=1",
					"$(inherited)",
				);
				GCC_SYMBOLS_PRIVATE_EXTERN = NO;
				GCC_WARN_ABOUT_RETURN_TYPE = YES;
				GCC_WARN_UNINITIALIZED_AUTOS = YES;
				GCC_WARN_UNUSED_VARIABLE = YES;
				IPHONEOS_DEPLOYMENT_TARGET = 6.1;
				ONLY_ACTIVE_ARCH = YES;
				SDKROOT = iphoneos;
			};
			name = Debug;
		};
		841E19B01763121600733EC1 /* Release */ = {
			isa = XCBuildConfiguration;
			buildSettings = {
				ALWAYS_SEARCH_USER_PATHS = NO;
				CLANG_CXX_LANGUAGE_STANDARD = "gnu++0x";
				CLANG_CXX_LIBRARY = "libc++";
				CLANG_ENABLE_OBJC_ARC = YES;
				CLANG_WARN_CONSTANT_CONVERSION = YES;
				CLANG_WARN_EMPTY_BODY = YES;
				CLANG_WARN_ENUM_CONVERSION = YES;
				CLANG_WARN_INT_CONVERSION = YES;
				CLANG_WARN__DUPLICATE_METHOD_MATCH = YES;
				"CODE_SIGN_IDENTITY[sdk=iphoneos*]" = "iPhone Developer";
				COPY_PHASE_STRIP = YES;
				GCC_C_LANGUAGE_STANDARD = gnu99;
				GCC_WARN_ABOUT_RETURN_TYPE = YES;
				GCC_WARN_UNINITIALIZED_AUTOS = YES;
				GCC_WARN_UNUSED_VARIABLE = YES;
				IPHONEOS_DEPLOYMENT_TARGET = 6.1;
				OTHER_CFLAGS = "-DNS_BLOCK_ASSERTIONS=1";
				SDKROOT = iphoneos;
				VALIDATE_PRODUCT = YES;
			};
			name = Release;
		};
		841E19B21763121600733EC1 /* Debug */ = {
			isa = XCBuildConfiguration;
			buildSettings = {
				GCC_PRECOMPILE_PREFIX_HEADER = YES;
				GCC_PREFIX_HEADER = "Insta/Insta-Prefix.pch";
				INFOPLIST_FILE = "Insta/Insta-Info.plist";
				PRODUCT_NAME = "$(TARGET_NAME)";
				WRAPPER_EXTENSION = app;
			};
			name = Debug;
		};
		841E19B31763121600733EC1 /* Release */ = {
			isa = XCBuildConfiguration;
			buildSettings = {
				GCC_PRECOMPILE_PREFIX_HEADER = YES;
				GCC_PREFIX_HEADER = "Insta/Insta-Prefix.pch";
				INFOPLIST_FILE = "Insta/Insta-Info.plist";
				PRODUCT_NAME = "$(TARGET_NAME)";
				WRAPPER_EXTENSION = app;
			};
			name = Release;
		};
/* End XCBuildConfiguration section */

/* Begin XCConfigurationList section */
		841E198F1763121600733EC1 /* Build configuration list for PBXProject "Insta" */ = {
			isa = XCConfigurationList;
			buildConfigurations = (
				841E19AF1763121600733EC1 /* Debug */,
				841E19B01763121600733EC1 /* Release */,
			);
			defaultConfigurationIsVisible = 0;
			defaultConfigurationName = Release;
		};
		841E19B11763121600733EC1 /* Build configuration list for PBXNativeTarget "Insta" */ = {
			isa = XCConfigurationList;
			buildConfigurations = (
				841E19B21763121600733EC1 /* Debug */,
				841E19B31763121600733EC1 /* Release */,
			);
			defaultConfigurationIsVisible = 0;
		};
/* End XCConfigurationList section */
	};
	rootObject = 841E198C1763121600733EC1 /* Project object */;
}
