// !$*UTF8*$!
{
	archiveVersion = 1;
	classes = {
	};
	objectVersion = 46;
	objects = {

/* Begin PBXBuildFile section */
		841E19981763121600733EC1 /* UIKit.framework in Frameworks */ = {isa = PBXBuildFile; fileRef = 841E19971763121600733EC1 /* UIKit.framework */; };
		841E199A1763121600733EC1 /* Foundation.framework in Frameworks */ = {isa = PBXBuildFile; fileRef = 841E19991763121600733EC1 /* Foundation.framework */; };
		841E199C1763121600733EC1 /* CoreGraphics.framework in Frameworks */ = {isa = PBXBuildFile; fileRef = 841E199B1763121600733EC1 /* CoreGraphics.framework */; };
		841E19A21763121600733EC1 /* InfoPlist.strings in Resources */ = {isa = PBXBuildFile; fileRef = 841E19A01763121600733EC1 /* InfoPlist.strings */; };
		841E19A41763121600733EC1 /* main.m in Sources */ = {isa = PBXBuildFile; fileRef = 841E19A31763121600733EC1 /* main.m */; };
		841E19A81763121600733EC1 /* ZAVAppDelegate.m in Sources */ = {isa = PBXBuildFile; fileRef = 841E19A71763121600733EC1 /* ZAVAppDelegate.m */; };
		841E19AA1763121600733EC1 /* Default.png in Resources */ = {isa = PBXBuildFile; fileRef = 841E19A91763121600733EC1 /* Default.png */; };
		841E19AC1763121600733EC1 /* Default@2x.png in Resources */ = {isa = PBXBuildFile; fileRef = 841E19AB1763121600733EC1 /* Default@2x.png */; };
		841E19AE1763121600733EC1 /* Default-568h@2x.png in Resources */ = {isa = PBXBuildFile; fileRef = 841E19AD1763121600733EC1 /* Default-568h@2x.png */; };
		841E19B61763127D00733EC1 /* LoginVC.m in Sources */ = {isa = PBXBuildFile; fileRef = 841E19B51763127D00733EC1 /* LoginVC.m */; };
		841E19B917631DC700733EC1 /* InstaVC.m in Sources */ = {isa = PBXBuildFile; fileRef = 841E19B817631DC700733EC1 /* InstaVC.m */; };
		841E19D117631DD200733EC1 /* AFHTTPClient.m in Sources */ = {isa = PBXBuildFile; fileRef = 841E19BC17631DD200733EC1 /* AFHTTPClient.m */; };
		841E19D217631DD200733EC1 /* AFHTTPRequestOperation.m in Sources */ = {isa = PBXBuildFile; fileRef = 841E19BE17631DD200733EC1 /* AFHTTPRequestOperation.m */; };
		841E19D317631DD200733EC1 /* AFImageRequestOperation.m in Sources */ = {isa = PBXBuildFile; fileRef = 841E19C017631DD200733EC1 /* AFImageRequestOperation.m */; };
		841E19D417631DD200733EC1 /* AFJSONRequestOperation.m in Sources */ = {isa = PBXBuildFile; fileRef = 841E19C217631DD200733EC1 /* AFJSONRequestOperation.m */; };
		841E19D517631DD200733EC1 /* AFNetworkActivityIndicatorManager.m in Sources */ = {isa = PBXBuildFile; fileRef = 841E19C417631DD200733EC1 /* AFNetworkActivityIndicatorManager.m */; };
		841E19D617631DD200733EC1 /* AFPropertyListRequestOperation.m in Sources */ = {isa = PBXBuildFile; fileRef = 841E19C717631DD200733EC1 /* AFPropertyListRequestOperation.m */; };
		841E19D717631DD200733EC1 /* AFURLConnectionOperation.m in Sources */ = {isa = PBXBuildFile; fileRef = 841E19C917631DD200733EC1 /* AFURLConnectionOperation.m */; };
		841E19D817631DD200733EC1 /* AFXMLRequestOperation.m in Sources */ = {isa = PBXBuildFile; fileRef = 841E19CB17631DD200733EC1 /* AFXMLRequestOperation.m */; };
		841E19D917631DD200733EC1 /* UIImageView+AFNetworking.m in Sources */ = {isa = PBXBuildFile; fileRef = 841E19CD17631DD200733EC1 /* UIImageView+AFNetworking.m */; };
		841E19DA17631DD200733EC1 /* JSONKit.m in Sources */ = {isa = PBXBuildFile; fileRef = 841E19D017631DD200733EC1 /* JSONKit.m */; settings = {COMPILER_FLAGS = "-fno-objc-arc"; }; };
		846531761764FB0E00B5172C /* LikeAndDislike.m in Sources */ = {isa = PBXBuildFile; fileRef = 846531751764FB0E00B5172C /* LikeAndDislike.m */; };
		846531791765178800B5172C /* Entity.m in Sources */ = {isa = PBXBuildFile; fileRef = 846531781765178800B5172C /* Entity.m */; };
		84AC52A41764605A00B27FA4 /* CoreData.framework in Frameworks */ = {isa = PBXBuildFile; fileRef = 84AC52A31764605A00B27FA4 /* CoreData.framework */; };
		84AC52A7176460AB00B27FA4 /* InstaModel.xcdatamodeld in Sources */ = {isa = PBXBuildFile; fileRef = 84AC52A5176460AB00B27FA4 /* InstaModel.xcdatamodeld */; };
		84AD3E4D17662CD0003C0E88 /* Helper.m in Sources */ = {isa = PBXBuildFile; fileRef = 84AD3E4C17662CD0003C0E88 /* Helper.m */; };
		84B0888D1763794E009CB32D /* arrow.png in Resources */ = {isa = PBXBuildFile; fileRef = 84B088871763794E009CB32D /* arrow.png */; };
		84B0888E1763794E009CB32D /* arrow@2x.png in Resources */ = {isa = PBXBuildFile; fileRef = 84B088881763794E009CB32D /* arrow@2x.png */; };
		84B0888F1763794E009CB32D /* pop.wav in Resources */ = {isa = PBXBuildFile; fileRef = 84B088891763794E009CB32D /* pop.wav */; };
		84B088901763794E009CB32D /* psst1.wav in Resources */ = {isa = PBXBuildFile; fileRef = 84B0888A1763794E009CB32D /* psst1.wav */; };
		84B088911763794E009CB32D /* PullToRefreshView.m in Sources */ = {isa = PBXBuildFile; fileRef = 84B0888C1763794E009CB32D /* PullToRefreshView.m */; };
		84B0889317637A91009CB32D /* AudioToolbox.framework in Frameworks */ = {isa = PBXBuildFile; fileRef = 84B0889217637A91009CB32D /* AudioToolbox.framework */; };
		84B0889917637B03009CB32D /* QuartzCore.framework in Frameworks */ = {isa = PBXBuildFile; fileRef = 84B0889817637B03009CB32D /* QuartzCore.framework */; };
		84B0889C17637E5B009CB32D /* ListInstaCell.m in Sources */ = {isa = PBXBuildFile; fileRef = 84B0889B17637E5B009CB32D /* ListInstaCell.m */; };
		84B088A017638C02009CB32D /* CurrentInstaVC.m in Sources */ = {isa = PBXBuildFile; fileRef = 84B0889F17638C02009CB32D /* CurrentInstaVC.m */; };
/* End PBXBuildFile section */

/* Begin PBXFileReference section */
		841E19941763121600733EC1 /* Insta.app */ = {isa = PBXFileReference; explicitFileType = wrapper.application; includeInIndex = 0; path = Insta.app; sourceTree = BUILT_PRODUCTS_DIR; };
		841E19971763121600733EC1 /* UIKit.framework */ = {isa = PBXFileReference; lastKnownFileType = wrapper.framework; name = UIKit.framework; path = System/Library/Frameworks/UIKit.framework; sourceTree = SDKROOT; };
		841E19991763121600733EC1 /* Foundation.framework */ = {isa = PBXFileReference; lastKnownFileType = wrapper.framework; name = Foundation.framework; path = System/Library/Frameworks/Foundation.framework; sourceTree = SDKROOT; };
		841E199B1763121600733EC1 /* CoreGraphics.framework */ = {isa = PBXFileReference; lastKnownFileType = wrapper.framework; name = CoreGraphics.framework; path = System/Library/Frameworks/CoreGraphics.framework; sourceTree = SDKROOT; };
		841E199F1763121600733EC1 /* Insta-Info.plist */ = {isa = PBXFileReference; lastKnownFileType = text.plist.xml; path = "Insta-Info.plist"; sourceTree = "<group>"; };
		841E19A11763121600733EC1 /* en */ = {isa = PBXFileReference; lastKnownFileType = text.plist.strings; name = en; path = en.lproj/InfoPlist.strings; sourceTree = "<group>"; };
		841E19A31763121600733EC1 /* main.m */ = {isa = PBXFileReference; lastKnownFileType = sourcecode.c.objc; path = main.m; sourceTree = "<group>"; };
		841E19A51763121600733EC1 /* Insta-Prefix.pch */ = {isa = PBXFileReference; lastKnownFileType = sourcecode.c.h; path = "Insta-Prefix.pch"; sourceTree = "<group>"; };
		841E19A61763121600733EC1 /* ZAVAppDelegate.h */ = {isa = PBXFileReference; lastKnownFileType = sourcecode.c.h; path = ZAVAppDelegate.h; sourceTree = "<group>"; };
		841E19A71763121600733EC1 /* ZAVAppDelegate.m */ = {isa = PBXFileReference; lastKnownFileType = sourcecode.c.objc; path = ZAVAppDelegate.m; sourceTree = "<group>"; };
		841E19A91763121600733EC1 /* Default.png */ = {isa = PBXFileReference; lastKnownFileType = image.png; path = Default.png; sourceTree = "<group>"; };
		841E19AB1763121600733EC1 /* Default@2x.png */ = {isa = PBXFileReference; lastKnownFileType = image.png; path = "Default@2x.png"; sourceTree = "<group>"; };
		841E19AD1763121600733EC1 /* Default-568h@2x.png */ = {isa = PBXFileReference; lastKnownFileType = image.png; path = "Default-568h@2x.png"; sourceTree = "<group>"; };
		841E19B41763127D00733EC1 /* LoginVC.h */ = {isa = PBXFileReference; fileEncoding = 4; lastKnownFileType = sourcecode.c.h; name = LoginVC.h; path = ../LoginVC.h; sourceTree = "<group>"; };
		841E19B51763127D00733EC1 /* LoginVC.m */ = {isa = PBXFileReference; fileEncoding = 4; lastKnownFileType = sourcecode.c.objc; name = LoginVC.m; path = ../LoginVC.m; sourceTree = "<group>"; };
		841E19B717631DC700733EC1 /* InstaVC.h */ = {isa = PBXFileReference; fileEncoding = 4; lastKnownFileType = sourcecode.c.h; path = InstaVC.h; sourceTree = SOURCE_ROOT; };
		841E19B817631DC700733EC1 /* InstaVC.m */ = {isa = PBXFileReference; fileEncoding = 4; lastKnownFileType = sourcecode.c.objc; path = InstaVC.m; sourceTree = SOURCE_ROOT; };
		841E19BB17631DD200733EC1 /* AFHTTPClient.h */ = {isa = PBXFileReference; fileEncoding = 4; lastKnownFileType = sourcecode.c.h; path = AFHTTPClient.h; sourceTree = "<group>"; };
		841E19BC17631DD200733EC1 /* AFHTTPClient.m */ = {isa = PBXFileReference; fileEncoding = 4; lastKnownFileType = sourcecode.c.objc; path = AFHTTPClient.m; sourceTree = "<group>"; };
		841E19BD17631DD200733EC1 /* AFHTTPRequestOperation.h */ = {isa = PBXFileReference; fileEncoding = 4; lastKnownFileType = sourcecode.c.h; path = AFHTTPRequestOperation.h; sourceTree = "<group>"; };
		841E19BE17631DD200733EC1 /* AFHTTPRequestOperation.m */ = {isa = PBXFileReference; fileEncoding = 4; lastKnownFileType = sourcecode.c.objc; path = AFHTTPRequestOperation.m; sourceTree = "<group>"; };
		841E19BF17631DD200733EC1 /* AFImageRequestOperation.h */ = {isa = PBXFileReference; fileEncoding = 4; lastKnownFileType = sourcecode.c.h; path = AFImageRequestOperation.h; sourceTree = "<group>"; };
		841E19C017631DD200733EC1 /* AFImageRequestOperation.m */ = {isa = PBXFileReference; fileEncoding = 4; lastKnownFileType = sourcecode.c.objc; path = AFImageRequestOperation.m; sourceTree = "<group>"; };
		841E19C117631DD200733EC1 /* AFJSONRequestOperation.h */ = {isa = PBXFileReference; fileEncoding = 4; lastKnownFileType = sourcecode.c.h; path = AFJSONRequestOperation.h; sourceTree = "<group>"; };
		841E19C217631DD200733EC1 /* AFJSONRequestOperation.m */ = {isa = PBXFileReference; fileEncoding = 4; lastKnownFileType = sourcecode.c.objc; path = AFJSONRequestOperation.m; sourceTree = "<group>"; };
		841E19C317631DD200733EC1 /* AFNetworkActivityIndicatorManager.h */ = {isa = PBXFileReference; fileEncoding = 4; lastKnownFileType = sourcecode.c.h; path = AFNetworkActivityIndicatorManager.h; sourceTree = "<group>"; };
		841E19C417631DD200733EC1 /* AFNetworkActivityIndicatorManager.m */ = {isa = PBXFileReference; fileEncoding = 4; lastKnownFileType = sourcecode.c.objc; path = AFNetworkActivityIndicatorManager.m; sourceTree = "<group>"; };
		841E19C517631DD200733EC1 /* AFNetworking.h */ = {isa = PBXFileReference; fileEncoding = 4; lastKnownFileType = sourcecode.c.h; path = AFNetworking.h; sourceTree = "<group>"; };
		841E19C617631DD200733EC1 /* AFPropertyListRequestOperation.h */ = {isa = PBXFileReference; fileEncoding = 4; lastKnownFileType = sourcecode.c.h; path = AFPropertyListRequestOperation.h; sourceTree = "<group>"; };
		841E19C717631DD200733EC1 /* AFPropertyListRequestOperation.m */ = {isa = PBXFileReference; fileEncoding = 4; lastKnownFileType = sourcecode.c.objc; path = AFPropertyListRequestOperation.m; sourceTree = "<group>"; };
		841E19C817631DD200733EC1 /* AFURLConnectionOperation.h */ = {isa = PBXFileReference; fileEncoding = 4; lastKnownFileType = sourcecode.c.h; path = AFURLConnectionOperation.h; sourceTree = "<group>"; };
		841E19C917631DD200733EC1 /* AFURLConnectionOperation.m */ = {isa = PBXFileReference; fileEncoding = 4; lastKnownFileType = sourcecode.c.objc; path = AFURLConnectionOperation.m; sourceTree = "<group>"; };
		841E19CA17631DD200733EC1 /* AFXMLRequestOperation.h */ = {isa = PBXFileReference; fileEncoding = 4; lastKnownFileType = sourcecode.c.h; path = AFXMLRequestOperation.h; sourceTree = "<group>"; };
		841E19CB17631DD200733EC1 /* AFXMLRequestOperation.m */ = {isa = PBXFileReference; fileEncoding = 4; lastKnownFileType = sourcecode.c.objc; path = AFXMLRequestOperation.m; sourceTree = "<group>"; };
		841E19CC17631DD200733EC1 /* UIImageView+AFNetworking.h */ = {isa = PBXFileReference; fileEncoding = 4; lastKnownFileType = sourcecode.c.h; path = "UIImageView+AFNetworking.h"; sourceTree = "<group>"; };
		841E19CD17631DD200733EC1 /* UIImageView+AFNetworking.m */ = {isa = PBXFileReference; fileEncoding = 4; lastKnownFileType = sourcecode.c.objc; path = "UIImageView+AFNetworking.m"; sourceTree = "<group>"; };
		841E19CF17631DD200733EC1 /* JSONKit.h */ = {isa = PBXFileReference; fileEncoding = 4; lastKnownFileType = sourcecode.c.h; path = JSONKit.h; sourceTree = "<group>"; };
		841E19D017631DD200733EC1 /* JSONKit.m */ = {isa = PBXFileReference; fileEncoding = 4; lastKnownFileType = sourcecode.c.objc; path = JSONKit.m; sourceTree = "<group>"; };
		846531741764FB0E00B5172C /* LikeAndDislike.h */ = {isa = PBXFileReference; fileEncoding = 4; lastKnownFileType = sourcecode.c.h; name = LikeAndDislike.h; path = ../LikeAndDislike.h; sourceTree = "<group>"; };
		846531751764FB0E00B5172C /* LikeAndDislike.m */ = {isa = PBXFileReference; fileEncoding = 4; lastKnownFileType = sourcecode.c.objc; name = LikeAndDislike.m; path = ../LikeAndDislike.m; sourceTree = "<group>"; };
		846531771765178800B5172C /* Entity.h */ = {isa = PBXFileReference; fileEncoding = 4; lastKnownFileType = sourcecode.c.h; path = Entity.h; sourceTree = "<group>"; };
		846531781765178800B5172C /* Entity.m */ = {isa = PBXFileReference; fileEncoding = 4; lastKnownFileType = sourcecode.c.objc; path = Entity.m; sourceTree = "<group>"; };
		84AC52A31764605A00B27FA4 /* CoreData.framework */ = {isa = PBXFileReference; lastKnownFileType = wrapper.framework; name = CoreData.framework; path = System/Library/Frameworks/CoreData.framework; sourceTree = SDKROOT; };
		84AC52A6176460AB00B27FA4 /* InstaModel.xcdatamodel */ = {isa = PBXFileReference; lastKnownFileType = wrapper.xcdatamodel; path = InstaModel.xcdatamodel; sourceTree = "<group>"; };
		84AD3E4B17662CD0003C0E88 /* Helper.h */ = {isa = PBXFileReference; fileEncoding = 4; lastKnownFileType = sourcecode.c.h; path = Helper.h; sourceTree = "<group>"; };
		84AD3E4C17662CD0003C0E88 /* Helper.m */ = {isa = PBXFileReference; fileEncoding = 4; lastKnownFileType = sourcecode.c.objc; path = Helper.m; sourceTree = "<group>"; };
		84B088871763794E009CB32D /* arrow.png */ = {isa = PBXFileReference; lastKnownFileType = image.png; path = arrow.png; sourceTree = "<group>"; };
		84B088881763794E009CB32D /* arrow@2x.png */ = {isa = PBXFileReference; lastKnownFileType = image.png; path = "arrow@2x.png"; sourceTree = "<group>"; };
		84B088891763794E009CB32D /* pop.wav */ = {isa = PBXFileReference; lastKnownFileType = audio.wav; path = pop.wav; sourceTree = "<group>"; };
		84B0888A1763794E009CB32D /* psst1.wav */ = {isa = PBXFileReference; lastKnownFileType = audio.wav; path = psst1.wav; sourceTree = "<group>"; };
		84B0888B1763794E009CB32D /* PullToRefreshView.h */ = {isa = PBXFileReference; fileEncoding = 4; lastKnownFileType = sourcecode.c.h; path = PullToRefreshView.h; sourceTree = "<group>"; };
		84B0888C1763794E009CB32D /* PullToRefreshView.m */ = {isa = PBXFileReference; fileEncoding = 4; lastKnownFileType = sourcecode.c.objc; path = PullToRefreshView.m; sourceTree = "<group>"; };
		84B0889217637A91009CB32D /* AudioToolbox.framework */ = {isa = PBXFileReference; lastKnownFileType = wrapper.framework; name = AudioToolbox.framework; path = System/Library/Frameworks/AudioToolbox.framework; sourceTree = SDKROOT; };
		84B0889817637B03009CB32D /* QuartzCore.framework */ = {isa = PBXFileReference; lastKnownFileType = wrapper.framework; name = QuartzCore.framework; path = System/Library/Frameworks/QuartzCore.framework; sourceTree = SDKROOT; };
		84B0889A17637E5B009CB32D /* ListInstaCell.h */ = {isa = PBXFileReference; fileEncoding = 4; lastKnownFileType = sourcecode.c.h; path = ListInstaCell.h; sourceTree = "<group>"; };
		84B0889B17637E5B009CB32D /* ListInstaCell.m */ = {isa = PBXFileReference; fileEncoding = 4; lastKnownFileType = sourcecode.c.objc; path = ListInstaCell.m; sourceTree = "<group>"; };
		84B0889E17638C02009CB32D /* CurrentInstaVC.h */ = {isa = PBXFileReference; fileEncoding = 4; lastKnownFileType = sourcecode.c.h; name = CurrentInstaVC.h; path = ../CurrentInstaVC.h; sourceTree = "<group>"; };
		84B0889F17638C02009CB32D /* CurrentInstaVC.m */ = {isa = PBXFileReference; fileEncoding = 4; lastKnownFileType = sourcecode.c.objc; name = CurrentInstaVC.m; path = ../CurrentInstaVC.m; sourceTree = "<group>"; };
/* End PBXFileReference section */

/* Begin PBXFrameworksBuildPhase section */
		841E19911763121600733EC1 /* Frameworks */ = {
			isa = PBXFrameworksBuildPhase;
			buildActionMask = 2147483647;
			files = (
				84AC52A41764605A00B27FA4 /* CoreData.framework in Frameworks */,
				84B0889317637A91009CB32D /* AudioToolbox.framework in Frameworks */,
				841E19981763121600733EC1 /* UIKit.framework in Frameworks */,
				841E199A1763121600733EC1 /* Foundation.framework in Frameworks */,
				841E199C1763121600733EC1 /* CoreGraphics.framework in Frameworks */,
				84B0889917637B03009CB32D /* QuartzCore.framework in Frameworks */,
			);
			runOnlyForDeploymentPostprocessing = 0;
		};
/* End PBXFrameworksBuildPhase section */

/* Begin PBXGroup section */
		841E198B1763121600733EC1 = {
			isa = PBXGroup;
			children = (
				84AD3E4A17662CAF003C0E88 /* Base */,
				841E199D1763121600733EC1 /* Insta */,
				841E19961763121600733EC1 /* Frameworks */,
				841E19951763121600733EC1 /* Products */,
			);
			sourceTree = "<group>";
		};
		841E19951763121600733EC1 /* Products */ = {
			isa = PBXGroup;
			children = (
				841E19941763121600733EC1 /* Insta.app */,
			);
			name = Products;
			sourceTree = "<group>";
		};
		841E19961763121600733EC1 /* Frameworks */ = {
			isa = PBXGroup;
			children = (
				84AC52A31764605A00B27FA4 /* CoreData.framework */,
				84B0889217637A91009CB32D /* AudioToolbox.framework */,
				84B0889817637B03009CB32D /* QuartzCore.framework */,
				841E19971763121600733EC1 /* UIKit.framework */,
				841E19991763121600733EC1 /* Foundation.framework */,
				841E199B1763121600733EC1 /* CoreGraphics.framework */,
			);
			name = Frameworks;
			sourceTree = "<group>";
		};
		841E199D1763121600733EC1 /* Insta */ = {
			isa = PBXGroup;
			children = (
				846531731764FAE500B5172C /* CoreData */,
				84B0889D17638AB5009CB32D /* Cell */,
				841E19B717631DC700733EC1 /* InstaVC.h */,
				841E19B817631DC700733EC1 /* InstaVC.m */,
				841E19B41763127D00733EC1 /* LoginVC.h */,
				841E19B51763127D00733EC1 /* LoginVC.m */,
				84B0889E17638C02009CB32D /* CurrentInstaVC.h */,
				84B0889F17638C02009CB32D /* CurrentInstaVC.m */,
				841E19A61763121600733EC1 /* ZAVAppDelegate.h */,
				841E19A71763121600733EC1 /* ZAVAppDelegate.m */,
				841E199E1763121600733EC1 /* Supporting Files */,
			);
			path = Insta;
			sourceTree = "<group>";
		};
		841E199E1763121600733EC1 /* Supporting Files */ = {
			isa = PBXGroup;
			children = (
				84B088861763794E009CB32D /* pull */,
				841E19BA17631DD200733EC1 /* AFNetworking */,
				841E19CE17631DD200733EC1 /* JSONKit */,
				841E199F1763121600733EC1 /* Insta-Info.plist */,
				841E19A01763121600733EC1 /* InfoPlist.strings */,
				841E19A31763121600733EC1 /* main.m */,
				841E19A51763121600733EC1 /* Insta-Prefix.pch */,
				841E19A91763121600733EC1 /* Default.png */,
				841E19AB1763121600733EC1 /* Default@2x.png */,
				841E19AD1763121600733EC1 /* Default-568h@2x.png */,
			);
			name = "Supporting Files";
			sourceTree = "<group>";
		};
		841E19BA17631DD200733EC1 /* AFNetworking */ = {
			isa = PBXGroup;
			children = (
				841E19BB17631DD200733EC1 /* AFHTTPClient.h */,
				841E19BC17631DD200733EC1 /* AFHTTPClient.m */,
				841E19BD17631DD200733EC1 /* AFHTTPRequestOperation.h */,
				841E19BE17631DD200733EC1 /* AFHTTPRequestOperation.m */,
				841E19BF17631DD200733EC1 /* AFImageRequestOperation.h */,
				841E19C017631DD200733EC1 /* AFImageRequestOperation.m */,
				841E19C117631DD200733EC1 /* AFJSONRequestOperation.h */,
				841E19C217631DD200733EC1 /* AFJSONRequestOperation.m */,
				841E19C317631DD200733EC1 /* AFNetworkActivityIndicatorManager.h */,
				841E19C417631DD200733EC1 /* AFNetworkActivityIndicatorManager.m */,
				841E19C517631DD200733EC1 /* AFNetworking.h */,
				841E19C617631DD200733EC1 /* AFPropertyListRequestOperation.h */,
				841E19C717631DD200733EC1 /* AFPropertyListRequestOperation.m */,
				841E19C817631DD200733EC1 /* AFURLConnectionOperation.h */,
				841E19C917631DD200733EC1 /* AFURLConnectionOperation.m */,
				841E19CA17631DD200733EC1 /* AFXMLRequestOperation.h */,
				841E19CB17631DD200733EC1 /* AFXMLRequestOperation.m */,
				841E19CC17631DD200733EC1 /* UIImageView+AFNetworking.h */,
				841E19CD17631DD200733EC1 /* UIImageView+AFNetworking.m */,
			);
			path = AFNetworking;
			sourceTree = "<group>";
		};
		841E19CE17631DD200733EC1 /* JSONKit */ = {
			isa = PBXGroup;
			children = (
				841E19CF17631DD200733EC1 /* JSONKit.h */,
				841E19D017631DD200733EC1 /* JSONKit.m */,
			);
			path = JSONKit;
			sourceTree = "<group>";
		};
		846531731764FAE500B5172C /* CoreData */ = {
			isa = PBXGroup;
			children = (
				846531741764FB0E00B5172C /* LikeAndDislike.h */,
				846531751764FB0E00B5172C /* LikeAndDislike.m */,
				84AC52A5176460AB00B27FA4 /* InstaModel.xcdatamodeld */,
				846531771765178800B5172C /* Entity.h */,
				846531781765178800B5172C /* Entity.m */,
			);
			name = CoreData;
			sourceTree = "<group>";
		};
		84AD3E4A17662CAF003C0E88 /* Base */ = {
			isa = PBXGroup;
			children = (
				84AD3E4B17662CD0003C0E88 /* Helper.h */,
				84AD3E4C17662CD0003C0E88 /* Helper.m */,
			);
			name = Base;
			sourceTree = "<group>";
		};
		84B088861763794E009CB32D /* pull */ = {
			isa = PBXGroup;
			children = (
				84B088871763794E009CB32D /* arrow.png */,
				84B088881763794E009CB32D /* arrow@2x.png */,
				84B088891763794E009CB32D /* pop.wav */,
				84B0888A1763794E009CB32D /* psst1.wav */,
				84B0888B1763794E009CB32D /* PullToRefreshView.h */,
				84B0888C1763794E009CB32D /* PullToRefreshView.m */,
			);
			path = pull;
			sourceTree = SOURCE_ROOT;
		};
		84B0889D17638AB5009CB32D /* Cell */ = {
			isa = PBXGroup;
			children = (
				84B0889A17637E5B009CB32D /* ListInstaCell.h */,
				84B0889B17637E5B009CB32D /* ListInstaCell.m */,
			);
			name = Cell;
			sourceTree = "<group>";
		};
/* End PBXGroup section */

/* Begin PBXNativeTarget section */
		841E19931763121600733EC1 /* Insta */ = {
			isa = PBXNativeTarget;
			buildConfigurationList = 841E19B11763121600733EC1 /* Build configuration list for PBXNativeTarget "Insta" */;
			buildPhases = (
				841E19901763121600733EC1 /* Sources */,
				841E19911763121600733EC1 /* Frameworks */,
				841E19921763121600733EC1 /* Resources */,
			);
			buildRules = (
			);
			dependencies = (
			);
			name = Insta;
			productName = Insta;
			productReference = 841E19941763121600733EC1 /* Insta.app */;
			productType = "com.apple.product-type.application";
		};
/* End PBXNativeTarget section */

/* Begin PBXProject section */
		841E198C1763121600733EC1 /* Project object */ = {
			isa = PBXProject;
			attributes = {
				CLASSPREFIX = ZAV;
				LastUpgradeCheck = 0460;
				ORGANIZATIONNAME = zav333;
			};
			buildConfigurationList = 841E198F1763121600733EC1 /* Build configuration list for PBXProject "Insta" */;
			compatibilityVersion = "Xcode 3.2";
			developmentRegion = English;
			hasScannedForEncodings = 0;
			knownRegions = (
				en,
			);
			mainGroup = 841E198B1763121600733EC1;
			productRefGroup = 841E19951763121600733EC1 /* Products */;
			projectDirPath = "";
			projectRoot = "";
			targets = (
				841E19931763121600733EC1 /* Insta */,
			);
		};
/* End PBXProject section */

/* Begin PBXResourcesBuildPhase section */
		841E19921763121600733EC1 /* Resources */ = {
			isa = PBXResourcesBuildPhase;
			buildActionMask = 2147483647;
			files = (
				841E19A21763121600733EC1 /* InfoPlist.strings in Resources */,
				841E19AA1763121600733EC1 /* Default.png in Resources */,
				841E19AC1763121600733EC1 /* Default@2x.png in Resources */,
				841E19AE1763121600733EC1 /* Default-568h@2x.png in Resources */,
				84B0888D1763794E009CB32D /* arrow.png in Resources */,
				84B0888E1763794E009CB32D /* arrow@2x.png in Resources */,
				84B0888F1763794E009CB32D /* pop.wav in Resources */,
				84B088901763794E009CB32D /* psst1.wav in Resources */,
			);
			runOnlyForDeploymentPostprocessing = 0;
		};
/* End PBXResourcesBuildPhase section */

/* Begin PBXSourcesBuildPhase section */
		841E19901763121600733EC1 /* Sources */ = {
			isa = PBXSourcesBuildPhase;
			buildActionMask = 2147483647;
			files = (
				841E19A41763121600733EC1 /* main.m in Sources */,
				841E19A81763121600733EC1 /* ZAVAppDelegate.m in Sources */,
				841E19B61763127D00733EC1 /* LoginVC.m in Sources */,
				841E19B917631DC700733EC1 /* InstaVC.m in Sources */,
				841E19D117631DD200733EC1 /* AFHTTPClient.m in Sources */,
				841E19D217631DD200733EC1 /* AFHTTPRequestOperation.m in Sources */,
				841E19D317631DD200733EC1 /* AFImageRequestOperation.m in Sources */,
				841E19D417631DD200733EC1 /* AFJSONRequestOperation.m in Sources */,
				841E19D517631DD200733EC1 /* AFNetworkActivityIndicatorManager.m in Sources */,
				841E19D617631DD200733EC1 /* AFPropertyListRequestOperation.m in Sources */,
				841E19D717631DD200733EC1 /* AFURLConnectionOperation.m in Sources */,
				841E19D817631DD200733EC1 /* AFXMLRequestOperation.m in Sources */,
				841E19D917631DD200733EC1 /* UIImageView+AFNetworking.m in Sources */,
				841E19DA17631DD200733EC1 /* JSONKit.m in Sources */,
				84B088911763794E009CB32D /* PullToRefreshView.m in Sources */,
				84B0889C17637E5B009CB32D /* ListInstaCell.m in Sources */,
				84B088A017638C02009CB32D /* CurrentInstaVC.m in Sources */,
				84AC52A7176460AB00B27FA4 /* InstaModel.xcdatamodeld in Sources */,
				846531761764FB0E00B5172C /* LikeAndDislike.m in Sources */,
				846531791765178800B5172C /* Entity.m in Sources */,
				84AD3E4D17662CD0003C0E88 /* Helper.m in Sources */,
			);
			runOnlyForDeploymentPostprocessing = 0;
		};
/* End PBXSourcesBuildPhase section */

/* Begin PBXVariantGroup section */
		841E19A01763121600733EC1 /* InfoPlist.strings */ = {
			isa = PBXVariantGroup;
			children = (
				841E19A11763121600733EC1 /* en */,
			);
			name = InfoPlist.strings;
			sourceTree = "<group>";
		};
/* End PBXVariantGroup section */

/* Begin XCBuildConfiguration section */
		841E19AF1763121600733EC1 /* Debug */ = {
			isa = XCBuildConfiguration;
			buildSettings = {
				ALWAYS_SEARCH_USER_PATHS = NO;
				CLANG_CXX_LANGUAGE_STANDARD = "gnu++0x";
				CLANG_CXX_LIBRARY = "libc++";
				CLANG_ENABLE_OBJC_ARC = YES;
				CLANG_WARN_CONSTANT_CONVERSION = YES;
				CLANG_WARN_EMPTY_BODY = YES;
				CLANG_WARN_ENUM_CONVERSION = YES;
				CLANG_WARN_INT_CONVERSION = YES;
				CLANG_WARN__DUPLICATE_METHOD_MATCH = YES;
				"CODE_SIGN_IDENTITY[sdk=iphoneos*]" = "iPhone Developer";
				COPY_PHASE_STRIP = NO;
				GCC_C_LANGUAGE_STANDARD = gnu99;
				GCC_DYNAMIC_NO_PIC = NO;
				GCC_OPTIMIZATION_LEVEL = 0;
				GCC_PREPROCESSOR_DEFINITIONS = (
					"DEBUG=1",
					"$(inherited)",
				);
				GCC_SYMBOLS_PRIVATE_EXTERN = NO;
				GCC_WARN_ABOUT_RETURN_TYPE = YES;
				GCC_WARN_UNINITIALIZED_AUTOS = YES;
				GCC_WARN_UNUSED_VARIABLE = YES;
				IPHONEOS_DEPLOYMENT_TARGET = 6.1;
				ONLY_ACTIVE_ARCH = YES;
				SDKROOT = iphoneos;
			};
			name = Debug;
		};
		841E19B01763121600733EC1 /* Release */ = {
			isa = XCBuildConfiguration;
			buildSettings = {
				ALWAYS_SEARCH_USER_PATHS = NO;
				CLANG_CXX_LANGUAGE_STANDARD = "gnu++0x";
				CLANG_CXX_LIBRARY = "libc++";
				CLANG_ENABLE_OBJC_ARC = YES;
				CLANG_WARN_CONSTANT_CONVERSION = YES;
				CLANG_WARN_EMPTY_BODY = YES;
				CLANG_WARN_ENUM_CONVERSION = YES;
				CLANG_WARN_INT_CONVERSION = YES;
				CLANG_WARN__DUPLICATE_METHOD_MATCH = YES;
				"CODE_SIGN_IDENTITY[sdk=iphoneos*]" = "iPhone Developer";
				COPY_PHASE_STRIP = YES;
				GCC_C_LANGUAGE_STANDARD = gnu99;
				GCC_WARN_ABOUT_RETURN_TYPE = YES;
				GCC_WARN_UNINITIALIZED_AUTOS = YES;
				GCC_WARN_UNUSED_VARIABLE = YES;
				IPHONEOS_DEPLOYMENT_TARGET = 6.1;
				OTHER_CFLAGS = "-DNS_BLOCK_ASSERTIONS=1";
				SDKROOT = iphoneos;
				VALIDATE_PRODUCT = YES;
			};
			name = Release;
		};
		841E19B21763121600733EC1 /* Debug */ = {
			isa = XCBuildConfiguration;
			buildSettings = {
				GCC_PRECOMPILE_PREFIX_HEADER = YES;
				GCC_PREFIX_HEADER = "Insta/Insta-Prefix.pch";
				INFOPLIST_FILE = "Insta/Insta-Info.plist";
				IPHONEOS_DEPLOYMENT_TARGET = 5.0;
				PRODUCT_NAME = "$(TARGET_NAME)";
				WRAPPER_EXTENSION = app;
			};
			name = Debug;
		};
		841E19B31763121600733EC1 /* Release */ = {
			isa = XCBuildConfiguration;
			buildSettings = {
				GCC_PRECOMPILE_PREFIX_HEADER = YES;
				GCC_PREFIX_HEADER = "Insta/Insta-Prefix.pch";
				INFOPLIST_FILE = "Insta/Insta-Info.plist";
				IPHONEOS_DEPLOYMENT_TARGET = 5.0;
				PRODUCT_NAME = "$(TARGET_NAME)";
				WRAPPER_EXTENSION = app;
			};
			name = Release;
		};
/* End XCBuildConfiguration section */

/* Begin XCConfigurationList section */
		841E198F1763121600733EC1 /* Build configuration list for PBXProject "Insta" */ = {
			isa = XCConfigurationList;
			buildConfigurations = (
				841E19AF1763121600733EC1 /* Debug */,
				841E19B01763121600733EC1 /* Release */,
			);
			defaultConfigurationIsVisible = 0;
			defaultConfigurationName = Release;
		};
		841E19B11763121600733EC1 /* Build configuration list for PBXNativeTarget "Insta" */ = {
			isa = XCConfigurationList;
			buildConfigurations = (
				841E19B21763121600733EC1 /* Debug */,
				841E19B31763121600733EC1 /* Release */,
			);
			defaultConfigurationIsVisible = 0;
			defaultConfigurationName = Release;
		};
/* End XCConfigurationList section */

/* Begin XCVersionGroup section */
		84AC52A5176460AB00B27FA4 /* InstaModel.xcdatamodeld */ = {
			isa = XCVersionGroup;
			children = (
				84AC52A6176460AB00B27FA4 /* InstaModel.xcdatamodel */,
			);
			currentVersion = 84AC52A6176460AB00B27FA4 /* InstaModel.xcdatamodel */;
			path = InstaModel.xcdatamodeld;
			sourceTree = SOURCE_ROOT;
			versionGroupType = wrapper.xcdatamodel;
		};
/* End XCVersionGroup section */
	};
	rootObject = 841E198C1763121600733EC1 /* Project object */;
}
